// !$*UTF8*$!
{
	archiveVersion = 1;
	classes = {
	};
	objectVersion = 56;
	objects = {

/* Begin PBXBuildFile section */
		0815CB802A94EEA6006144AD /* AppDelegate.swift in Sources */ = {isa = PBXBuildFile; fileRef = 0815CB7F2A94EEA6006144AD /* AppDelegate.swift */; };
		0815CB822A94EEA6006144AD /* SceneDelegate.swift in Sources */ = {isa = PBXBuildFile; fileRef = 0815CB812A94EEA6006144AD /* SceneDelegate.swift */; };
		0815CB842A94EEA6006144AD /* MainTabBarController.swift in Sources */ = {isa = PBXBuildFile; fileRef = 0815CB832A94EEA6006144AD /* MainTabBarController.swift */; };
		0815CB892A94EEA8006144AD /* Assets.xcassets in Resources */ = {isa = PBXBuildFile; fileRef = 0815CB882A94EEA8006144AD /* Assets.xcassets */; };
		0815CB9E2A94EFA3006144AD /* MonthlyView.swift in Sources */ = {isa = PBXBuildFile; fileRef = 0815CB9C2A94EFA3006144AD /* MonthlyView.swift */; };
		0815CB9F2A94EFA3006144AD /* MonthlyViewModel.swift in Sources */ = {isa = PBXBuildFile; fileRef = 0815CB9D2A94EFA3006144AD /* MonthlyViewModel.swift */; };
		0815CBA32A94EFB5006144AD /* BasePlannerViewModel.swift in Sources */ = {isa = PBXBuildFile; fileRef = 0815CBA12A94EFB5006144AD /* BasePlannerViewModel.swift */; };
		0815CBA42A94EFB5006144AD /* UIModule.swift in Sources */ = {isa = PBXBuildFile; fileRef = 0815CBA22A94EFB5006144AD /* UIModule.swift */; };
		0815CBA62A94EFC2006144AD /* DataSource.swift in Sources */ = {isa = PBXBuildFile; fileRef = 0815CBA52A94EFC2006144AD /* DataSource.swift */; };
		0815CBA82A94EFC9006144AD /* Task.swift in Sources */ = {isa = PBXBuildFile; fileRef = 0815CBA72A94EFC9006144AD /* Task.swift */; };
		0815CBAC2A94EFF2006144AD /* WeeklyView.swift in Sources */ = {isa = PBXBuildFile; fileRef = 0815CBAA2A94EFF2006144AD /* WeeklyView.swift */; };
		0815CBAD2A94EFF2006144AD /* WeeklyViewModel.swift in Sources */ = {isa = PBXBuildFile; fileRef = 0815CBAB2A94EFF2006144AD /* WeeklyViewModel.swift */; };
		0815CBB12A94EFFC006144AD /* DailyView.swift in Sources */ = {isa = PBXBuildFile; fileRef = 0815CBAF2A94EFFC006144AD /* DailyView.swift */; };
		0815CBB22A94EFFC006144AD /* DailyViewModel.swift in Sources */ = {isa = PBXBuildFile; fileRef = 0815CBB02A94EFFC006144AD /* DailyViewModel.swift */; };
/* End PBXBuildFile section */

/* Begin PBXFileReference section */
		0815CB7C2A94EEA6006144AD /* Planning.app */ = {isa = PBXFileReference; explicitFileType = wrapper.application; includeInIndex = 0; path = Planning.app; sourceTree = BUILT_PRODUCTS_DIR; };
		0815CB7F2A94EEA6006144AD /* AppDelegate.swift */ = {isa = PBXFileReference; lastKnownFileType = sourcecode.swift; path = AppDelegate.swift; sourceTree = "<group>"; };
		0815CB812A94EEA6006144AD /* SceneDelegate.swift */ = {isa = PBXFileReference; lastKnownFileType = sourcecode.swift; path = SceneDelegate.swift; sourceTree = "<group>"; };
		0815CB832A94EEA6006144AD /* MainTabBarController.swift */ = {isa = PBXFileReference; lastKnownFileType = sourcecode.swift; path = MainTabBarController.swift; sourceTree = "<group>"; };
		0815CB882A94EEA8006144AD /* Assets.xcassets */ = {isa = PBXFileReference; lastKnownFileType = folder.assetcatalog; path = Assets.xcassets; sourceTree = "<group>"; };
		0815CB8D2A94EEA8006144AD /* Info.plist */ = {isa = PBXFileReference; lastKnownFileType = text.plist.xml; path = Info.plist; sourceTree = "<group>"; };
		0815CB9C2A94EFA3006144AD /* MonthlyView.swift */ = {isa = PBXFileReference; fileEncoding = 4; lastKnownFileType = sourcecode.swift; path = MonthlyView.swift; sourceTree = "<group>"; };
		0815CB9D2A94EFA3006144AD /* MonthlyViewModel.swift */ = {isa = PBXFileReference; fileEncoding = 4; lastKnownFileType = sourcecode.swift; path = MonthlyViewModel.swift; sourceTree = "<group>"; };
		0815CBA12A94EFB5006144AD /* BasePlannerViewModel.swift */ = {isa = PBXFileReference; fileEncoding = 4; lastKnownFileType = sourcecode.swift; path = BasePlannerViewModel.swift; sourceTree = "<group>"; };
		0815CBA22A94EFB5006144AD /* UIModule.swift */ = {isa = PBXFileReference; fileEncoding = 4; lastKnownFileType = sourcecode.swift; path = UIModule.swift; sourceTree = "<group>"; };
		0815CBA52A94EFC2006144AD /* DataSource.swift */ = {isa = PBXFileReference; fileEncoding = 4; lastKnownFileType = sourcecode.swift; name = DataSource.swift; path = ../../../MyPlannerApp/MyPlanner/Data/DataSource.swift; sourceTree = "<group>"; };
		0815CBA72A94EFC9006144AD /* Task.swift */ = {isa = PBXFileReference; fileEncoding = 4; lastKnownFileType = sourcecode.swift; name = Task.swift; path = ../../../MyPlannerApp/MyPlanner/Data/Task.swift; sourceTree = "<group>"; };
		0815CBAA2A94EFF2006144AD /* WeeklyView.swift */ = {isa = PBXFileReference; fileEncoding = 4; lastKnownFileType = sourcecode.swift; path = WeeklyView.swift; sourceTree = "<group>"; };
		0815CBAB2A94EFF2006144AD /* WeeklyViewModel.swift */ = {isa = PBXFileReference; fileEncoding = 4; lastKnownFileType = sourcecode.swift; path = WeeklyViewModel.swift; sourceTree = "<group>"; };
		0815CBAF2A94EFFC006144AD /* DailyView.swift */ = {isa = PBXFileReference; fileEncoding = 4; lastKnownFileType = sourcecode.swift; path = DailyView.swift; sourceTree = "<group>"; };
		0815CBB02A94EFFC006144AD /* DailyViewModel.swift */ = {isa = PBXFileReference; fileEncoding = 4; lastKnownFileType = sourcecode.swift; path = DailyViewModel.swift; sourceTree = "<group>"; };
/* End PBXFileReference section */

/* Begin PBXFrameworksBuildPhase section */
		0815CB792A94EEA6006144AD /* Frameworks */ = {
			isa = PBXFrameworksBuildPhase;
			buildActionMask = 2147483647;
			files = (
			);
			runOnlyForDeploymentPostprocessing = 0;
		};
/* End PBXFrameworksBuildPhase section */

/* Begin PBXGroup section */
		0815CB732A94EEA6006144AD = {
			isa = PBXGroup;
			children = (
				0815CB7E2A94EEA6006144AD /* Planning */,
				0815CB7D2A94EEA6006144AD /* Products */,
			);
			sourceTree = "<group>";
		};
		0815CB7D2A94EEA6006144AD /* Products */ = {
			isa = PBXGroup;
			children = (
				0815CB7C2A94EEA6006144AD /* Planning.app */,
			);
			name = Products;
			sourceTree = "<group>";
		};
		0815CB7E2A94EEA6006144AD /* Planning */ = {
			isa = PBXGroup;
			children = (
				0815CB962A94EF03006144AD /* Application */,
				0815CB952A94EEF6006144AD /* Domain */,
				0815CB942A94EED9006144AD /* Data */,
				0815CB932A94EECC006144AD /* Presentation */,
			);
			path = Planning;
			sourceTree = "<group>";
		};
		0815CB932A94EECC006144AD /* Presentation */ = {
			isa = PBXGroup;
			children = (
				0815CB832A94EEA6006144AD /* MainTabBarController.swift */,
				0815CBA02A94EFB5006144AD /* Shared */,
				0815CB9B2A94EFA3006144AD /* Monthly */,
				0815CBA92A94EFF2006144AD /* Weekly */,
				0815CBAE2A94EFFC006144AD /* Daily */,
			);
			path = Presentation;
			sourceTree = "<group>";
		};
		0815CB942A94EED9006144AD /* Data */ = {
			isa = PBXGroup;
			children = (
				0815CBA52A94EFC2006144AD /* DataSource.swift */,
			);
			path = Data;
			sourceTree = "<group>";
		};
		0815CB952A94EEF6006144AD /* Domain */ = {
			isa = PBXGroup;
			children = (
				0815CBA72A94EFC9006144AD /* Task.swift */,
			);
			path = Domain;
			sourceTree = "<group>";
		};
		0815CB962A94EF03006144AD /* Application */ = {
			isa = PBXGroup;
			children = (
				0815CB8D2A94EEA8006144AD /* Info.plist */,
				0815CB882A94EEA8006144AD /* Assets.xcassets */,
				0815CB812A94EEA6006144AD /* SceneDelegate.swift */,
				0815CB7F2A94EEA6006144AD /* AppDelegate.swift */,
			);
			path = Application;
			sourceTree = "<group>";
		};
		0815CB9B2A94EFA3006144AD /* Monthly */ = {
			isa = PBXGroup;
			children = (
				0815CB9C2A94EFA3006144AD /* MonthlyView.swift */,
				0815CB9D2A94EFA3006144AD /* MonthlyViewModel.swift */,
			);
			name = Monthly;
			path = ../../../MyPlannerApp/MyPlanner/Presentation/Monthly;
			sourceTree = "<group>";
		};
		0815CBA02A94EFB5006144AD /* Shared */ = {
			isa = PBXGroup;
			children = (
				0815CBA22A94EFB5006144AD /* UIModule.swift */,
				0815CBA12A94EFB5006144AD /* BasePlannerViewModel.swift */,
			);
			name = Shared;
			path = ../../../MyPlannerApp/MyPlanner/Presentation/Shared;
			sourceTree = "<group>";
		};
		0815CBA92A94EFF2006144AD /* Weekly */ = {
			isa = PBXGroup;
			children = (
				0815CBAA2A94EFF2006144AD /* WeeklyView.swift */,
				0815CBAB2A94EFF2006144AD /* WeeklyViewModel.swift */,
			);
			name = Weekly;
			path = ../../../MyPlannerApp/MyPlanner/Presentation/Weekly;
			sourceTree = "<group>";
		};
		0815CBAE2A94EFFC006144AD /* Daily */ = {
			isa = PBXGroup;
			children = (
				0815CBAF2A94EFFC006144AD /* DailyView.swift */,
				0815CBB02A94EFFC006144AD /* DailyViewModel.swift */,
			);
			name = Daily;
			path = ../../../MyPlannerApp/MyPlanner/Presentation/Daily;
			sourceTree = "<group>";
		};
/* End PBXGroup section */

/* Begin PBXNativeTarget section */
		0815CB7B2A94EEA6006144AD /* Planning */ = {
			isa = PBXNativeTarget;
			buildConfigurationList = 0815CB902A94EEA8006144AD /* Build configuration list for PBXNativeTarget "Planning" */;
			buildPhases = (
				0815CB782A94EEA6006144AD /* Sources */,
				0815CB792A94EEA6006144AD /* Frameworks */,
				0815CB7A2A94EEA6006144AD /* Resources */,
			);
			buildRules = (
			);
			dependencies = (
			);
			name = Planning;
			productName = Planning;
			productReference = 0815CB7C2A94EEA6006144AD /* Planning.app */;
			productType = "com.apple.product-type.application";
		};
/* End PBXNativeTarget section */

/* Begin PBXProject section */
		0815CB742A94EEA6006144AD /* Project object */ = {
			isa = PBXProject;
			attributes = {
				BuildIndependentTargetsInParallel = 1;
				LastSwiftUpdateCheck = 1430;
				LastUpgradeCheck = 1430;
				TargetAttributes = {
					0815CB7B2A94EEA6006144AD = {
						CreatedOnToolsVersion = 14.3.1;
					};
				};
			};
			buildConfigurationList = 0815CB772A94EEA6006144AD /* Build configuration list for PBXProject "Planning" */;
			compatibilityVersion = "Xcode 14.0";
			developmentRegion = en;
			hasScannedForEncodings = 0;
			knownRegions = (
				en,
				Base,
			);
			mainGroup = 0815CB732A94EEA6006144AD;
			productRefGroup = 0815CB7D2A94EEA6006144AD /* Products */;
			projectDirPath = "";
			projectRoot = "";
			targets = (
				0815CB7B2A94EEA6006144AD /* Planning */,
			);
		};
/* End PBXProject section */

/* Begin PBXResourcesBuildPhase section */
		0815CB7A2A94EEA6006144AD /* Resources */ = {
			isa = PBXResourcesBuildPhase;
			buildActionMask = 2147483647;
			files = (
				0815CB892A94EEA8006144AD /* Assets.xcassets in Resources */,
			);
			runOnlyForDeploymentPostprocessing = 0;
		};
/* End PBXResourcesBuildPhase section */

/* Begin PBXSourcesBuildPhase section */
		0815CB782A94EEA6006144AD /* Sources */ = {
			isa = PBXSourcesBuildPhase;
			buildActionMask = 2147483647;
			files = (
				0815CBB12A94EFFC006144AD /* DailyView.swift in Sources */,
				0815CB9F2A94EFA3006144AD /* MonthlyViewModel.swift in Sources */,
				0815CBAD2A94EFF2006144AD /* WeeklyViewModel.swift in Sources */,
				0815CB842A94EEA6006144AD /* MainTabBarController.swift in Sources */,
				0815CBA82A94EFC9006144AD /* Task.swift in Sources */,
				0815CBA62A94EFC2006144AD /* DataSource.swift in Sources */,
				0815CBA32A94EFB5006144AD /* BasePlannerViewModel.swift in Sources */,
				0815CB802A94EEA6006144AD /* AppDelegate.swift in Sources */,
				0815CBA42A94EFB5006144AD /* UIModule.swift in Sources */,
				0815CBB22A94EFFC006144AD /* DailyViewModel.swift in Sources */,
				0815CBAC2A94EFF2006144AD /* WeeklyView.swift in Sources */,
				0815CB822A94EEA6006144AD /* SceneDelegate.swift in Sources */,
				0815CB9E2A94EFA3006144AD /* MonthlyView.swift in Sources */,
			);
			runOnlyForDeploymentPostprocessing = 0;
		};
/* End PBXSourcesBuildPhase section */

/* Begin XCBuildConfiguration section */
		0815CB8E2A94EEA8006144AD /* Debug */ = {
			isa = XCBuildConfiguration;
			buildSettings = {
				ALWAYS_SEARCH_USER_PATHS = NO;
				CLANG_ANALYZER_NONNULL = YES;
				CLANG_ANALYZER_NUMBER_OBJECT_CONVERSION = YES_AGGRESSIVE;
				CLANG_CXX_LANGUAGE_STANDARD = "gnu++20";
				CLANG_ENABLE_MODULES = YES;
				CLANG_ENABLE_OBJC_ARC = YES;
				CLANG_ENABLE_OBJC_WEAK = YES;
				CLANG_WARN_BLOCK_CAPTURE_AUTORELEASING = YES;
				CLANG_WARN_BOOL_CONVERSION = YES;
				CLANG_WARN_COMMA = YES;
				CLANG_WARN_CONSTANT_CONVERSION = YES;
				CLANG_WARN_DEPRECATED_OBJC_IMPLEMENTATIONS = YES;
				CLANG_WARN_DIRECT_OBJC_ISA_USAGE = YES_ERROR;
				CLANG_WARN_DOCUMENTATION_COMMENTS = YES;
				CLANG_WARN_EMPTY_BODY = YES;
				CLANG_WARN_ENUM_CONVERSION = YES;
				CLANG_WARN_INFINITE_RECURSION = YES;
				CLANG_WARN_INT_CONVERSION = YES;
				CLANG_WARN_NON_LITERAL_NULL_CONVERSION = YES;
				CLANG_WARN_OBJC_IMPLICIT_RETAIN_SELF = YES;
				CLANG_WARN_OBJC_LITERAL_CONVERSION = YES;
				CLANG_WARN_OBJC_ROOT_CLASS = YES_ERROR;
				CLANG_WARN_QUOTED_INCLUDE_IN_FRAMEWORK_HEADER = YES;
				CLANG_WARN_RANGE_LOOP_ANALYSIS = YES;
				CLANG_WARN_STRICT_PROTOTYPES = YES;
				CLANG_WARN_SUSPICIOUS_MOVE = YES;
				CLANG_WARN_UNGUARDED_AVAILABILITY = YES_AGGRESSIVE;
				CLANG_WARN_UNREACHABLE_CODE = YES;
				CLANG_WARN__DUPLICATE_METHOD_MATCH = YES;
				COPY_PHASE_STRIP = NO;
				DEBUG_INFORMATION_FORMAT = dwarf;
				ENABLE_STRICT_OBJC_MSGSEND = YES;
				ENABLE_TESTABILITY = YES;
				GCC_C_LANGUAGE_STANDARD = gnu11;
				GCC_DYNAMIC_NO_PIC = NO;
				GCC_NO_COMMON_BLOCKS = YES;
				GCC_OPTIMIZATION_LEVEL = 0;
				GCC_PREPROCESSOR_DEFINITIONS = (
					"DEBUG=1",
					"$(inherited)",
				);
				GCC_WARN_64_TO_32_BIT_CONVERSION = YES;
				GCC_WARN_ABOUT_RETURN_TYPE = YES_ERROR;
				GCC_WARN_UNDECLARED_SELECTOR = YES;
				GCC_WARN_UNINITIALIZED_AUTOS = YES_AGGRESSIVE;
				GCC_WARN_UNUSED_FUNCTION = YES;
				GCC_WARN_UNUSED_VARIABLE = YES;
				IPHONEOS_DEPLOYMENT_TARGET = 16.4;
				MTL_ENABLE_DEBUG_INFO = INCLUDE_SOURCE;
				MTL_FAST_MATH = YES;
				ONLY_ACTIVE_ARCH = YES;
				SDKROOT = iphoneos;
				SWIFT_ACTIVE_COMPILATION_CONDITIONS = DEBUG;
				SWIFT_OPTIMIZATION_LEVEL = "-Onone";
			};
			name = Debug;
		};
		0815CB8F2A94EEA8006144AD /* Release */ = {
			isa = XCBuildConfiguration;
			buildSettings = {
				ALWAYS_SEARCH_USER_PATHS = NO;
				CLANG_ANALYZER_NONNULL = YES;
				CLANG_ANALYZER_NUMBER_OBJECT_CONVERSION = YES_AGGRESSIVE;
				CLANG_CXX_LANGUAGE_STANDARD = "gnu++20";
				CLANG_ENABLE_MODULES = YES;
				CLANG_ENABLE_OBJC_ARC = YES;
				CLANG_ENABLE_OBJC_WEAK = YES;
				CLANG_WARN_BLOCK_CAPTURE_AUTORELEASING = YES;
				CLANG_WARN_BOOL_CONVERSION = YES;
				CLANG_WARN_COMMA = YES;
				CLANG_WARN_CONSTANT_CONVERSION = YES;
				CLANG_WARN_DEPRECATED_OBJC_IMPLEMENTATIONS = YES;
				CLANG_WARN_DIRECT_OBJC_ISA_USAGE = YES_ERROR;
				CLANG_WARN_DOCUMENTATION_COMMENTS = YES;
				CLANG_WARN_EMPTY_BODY = YES;
				CLANG_WARN_ENUM_CONVERSION = YES;
				CLANG_WARN_INFINITE_RECURSION = YES;
				CLANG_WARN_INT_CONVERSION = YES;
				CLANG_WARN_NON_LITERAL_NULL_CONVERSION = YES;
				CLANG_WARN_OBJC_IMPLICIT_RETAIN_SELF = YES;
				CLANG_WARN_OBJC_LITERAL_CONVERSION = YES;
				CLANG_WARN_OBJC_ROOT_CLASS = YES_ERROR;
				CLANG_WARN_QUOTED_INCLUDE_IN_FRAMEWORK_HEADER = YES;
				CLANG_WARN_RANGE_LOOP_ANALYSIS = YES;
				CLANG_WARN_STRICT_PROTOTYPES = YES;
				CLANG_WARN_SUSPICIOUS_MOVE = YES;
				CLANG_WARN_UNGUARDED_AVAILABILITY = YES_AGGRESSIVE;
				CLANG_WARN_UNREACHABLE_CODE = YES;
				CLANG_WARN__DUPLICATE_METHOD_MATCH = YES;
				COPY_PHASE_STRIP = NO;
				DEBUG_INFORMATION_FORMAT = "dwarf-with-dsym";
				ENABLE_NS_ASSERTIONS = NO;
				ENABLE_STRICT_OBJC_MSGSEND = YES;
				GCC_C_LANGUAGE_STANDARD = gnu11;
				GCC_NO_COMMON_BLOCKS = YES;
				GCC_WARN_64_TO_32_BIT_CONVERSION = YES;
				GCC_WARN_ABOUT_RETURN_TYPE = YES_ERROR;
				GCC_WARN_UNDECLARED_SELECTOR = YES;
				GCC_WARN_UNINITIALIZED_AUTOS = YES_AGGRESSIVE;
				GCC_WARN_UNUSED_FUNCTION = YES;
				GCC_WARN_UNUSED_VARIABLE = YES;
				IPHONEOS_DEPLOYMENT_TARGET = 16.4;
				MTL_ENABLE_DEBUG_INFO = NO;
				MTL_FAST_MATH = YES;
				SDKROOT = iphoneos;
				SWIFT_COMPILATION_MODE = wholemodule;
				SWIFT_OPTIMIZATION_LEVEL = "-O";
				VALIDATE_PRODUCT = YES;
			};
			name = Release;
		};
		0815CB912A94EEA8006144AD /* Debug */ = {
			isa = XCBuildConfiguration;
			buildSettings = {
				ASSETCATALOG_COMPILER_APPICON_NAME = AppIcon;
				ASSETCATALOG_COMPILER_GLOBAL_ACCENT_COLOR_NAME = AccentColor;
				CODE_SIGN_STYLE = Automatic;
				CURRENT_PROJECT_VERSION = 1;
				GENERATE_INFOPLIST_FILE = YES;
				INFOPLIST_FILE = Planning/Application/Info.plist;
				INFOPLIST_KEY_UIApplicationSupportsIndirectInputEvents = YES;
				INFOPLIST_KEY_UILaunchStoryboardName = LaunchScreen;
				INFOPLIST_KEY_UISupportedInterfaceOrientations_iPad = "UIInterfaceOrientationPortrait UIInterfaceOrientationPortraitUpsideDown UIInterfaceOrientationLandscapeLeft UIInterfaceOrientationLandscapeRight";
				INFOPLIST_KEY_UISupportedInterfaceOrientations_iPhone = "UIInterfaceOrientationPortrait UIInterfaceOrientationLandscapeLeft UIInterfaceOrientationLandscapeRight";
				LD_RUNPATH_SEARCH_PATHS = (
					"$(inherited)",
					"@executable_path/Frameworks",
				);
				MARKETING_VERSION = 1.0;
				PRODUCT_BUNDLE_IDENTIFIER = com.suojae3.Planning;
				PRODUCT_NAME = "$(TARGET_NAME)";
				SWIFT_EMIT_LOC_STRINGS = YES;
				SWIFT_VERSION = 5.0;
				TARGETED_DEVICE_FAMILY = "1,2";
			};
			name = Debug;
		};
		0815CB922A94EEA8006144AD /* Release */ = {
			isa = XCBuildConfiguration;
			buildSettings = {
				ASSETCATALOG_COMPILER_APPICON_NAME = AppIcon;
				ASSETCATALOG_COMPILER_GLOBAL_ACCENT_COLOR_NAME = AccentColor;
				CODE_SIGN_STYLE = Automatic;
				CURRENT_PROJECT_VERSION = 1;
				GENERATE_INFOPLIST_FILE = YES;
				INFOPLIST_FILE = Planning/Application/Info.plist;
				INFOPLIST_KEY_UIApplicationSupportsIndirectInputEvents = YES;
				INFOPLIST_KEY_UILaunchStoryboardName = LaunchScreen;
				INFOPLIST_KEY_UISupportedInterfaceOrientations_iPad = "UIInterfaceOrientationPortrait UIInterfaceOrientationPortraitUpsideDown UIInterfaceOrientationLandscapeLeft UIInterfaceOrientationLandscapeRight";
				INFOPLIST_KEY_UISupportedInterfaceOrientations_iPhone = "UIInterfaceOrientationPortrait UIInterfaceOrientationLandscapeLeft UIInterfaceOrientationLandscapeRight";
				LD_RUNPATH_SEARCH_PATHS = (
					"$(inherited)",
					"@executable_path/Frameworks",
				);
				MARKETING_VERSION = 1.0;
				PRODUCT_BUNDLE_IDENTIFIER = com.suojae3.Planning;
				PRODUCT_NAME = "$(TARGET_NAME)";
				SWIFT_EMIT_LOC_STRINGS = YES;
				SWIFT_VERSION = 5.0;
				TARGETED_DEVICE_FAMILY = "1,2";
			};
			name = Release;
		};
/* End XCBuildConfiguration section */

/* Begin XCConfigurationList section */
		0815CB772A94EEA6006144AD /* Build configuration list for PBXProject "Planning" */ = {
			isa = XCConfigurationList;
			buildConfigurations = (
				0815CB8E2A94EEA8006144AD /* Debug */,
				0815CB8F2A94EEA8006144AD /* Release */,
			);
			defaultConfigurationIsVisible = 0;
			defaultConfigurationName = Release;
		};
		0815CB902A94EEA8006144AD /* Build configuration list for PBXNativeTarget "Planning" */ = {
			isa = XCConfigurationList;
			buildConfigurations = (
				0815CB912A94EEA8006144AD /* Debug */,
				0815CB922A94EEA8006144AD /* Release */,
			);
			defaultConfigurationIsVisible = 0;
			defaultConfigurationName = Release;
		};
/* End XCConfigurationList section */
	};
	rootObject = 0815CB742A94EEA6006144AD /* Project object */;
}
